
Microsoft Visual Studio Solution File, Format Version 12.00
# Visual Studio 15
VisualStudioVersion = 15.0.27130.2036
MinimumVisualStudioVersion = 10.0.40219.1
Project("{9A19103F-16F7-4668-BE54-9A1E7A4F7556}") = "VueJsWeb", "VueJsWeb\VueJsWeb.csproj", "{8A02AD6C-5EEE-4FC7-B674-0FCDA0E68677}"
EndProject
Global
	GlobalSection(SolutionConfigurationPlatforms) = preSolution
		Debug|Any CPU = Debug|Any CPU
		Release|Any CPU = Release|Any CPU
	EndGlobalSection
	GlobalSection(ProjectConfigurationPlatforms) = postSolution
		{8A02AD6C-5EEE-4FC7-B674-0FCDA0E68677}.Debug|Any CPU.ActiveCfg = Debug|Any CPU
		{8A02AD6C-5EEE-4FC7-B674-0FCDA0E68677}.Debug|Any CPU.Build.0 = Debug|Any CPU
		{8A02AD6C-5EEE-4FC7-B674-0FCDA0E68677}.Release|Any CPU.ActiveCfg = Release|Any CPU
		{8A02AD6C-5EEE-4FC7-B674-0FCDA0E68677}.Release|Any CPU.Build.0 = Release|Any CPU
	EndGlobalSection
	GlobalSection(SolutionProperties) = preSolution
		HideSolutionNode = FALSE
	EndGlobalSection
	GlobalSection(ExtensibilityGlobals) = postSolution
		SolutionGuid = {FDC8439B-67DD-4C8E-A9C0-73042CF24705}
	EndGlobalSection
EndGlobal
